
Microsoft Visual Studio Solution File, Format Version 12.00
# Visual Studio Version 17
VisualStudioVersion = 17.7.34031.279
MinimumVisualStudioVersion = 10.0.40219.1
Project("{9A19103F-16F7-4668-BE54-9A1E7A4F7556}") = "MCP2221", "MCP2221.csproj", "{DA65075F-8D9F-4F64-BBCD-82CFB9DE5336}"
EndProject
Project("{9A19103F-16F7-4668-BE54-9A1E7A4F7556}") = "HidSharp.NET7", "HidSharp\HidSharp.NET7.csproj", "{CEB4844A-2920-4168-96CF-B79AAF1DC7B3}"
EndProject
Global
	GlobalSection(SolutionConfigurationPlatforms) = preSolution
		Debug|Any CPU = Debug|Any CPU
		Release|Any CPU = Release|Any CPU
	EndGlobalSection
	GlobalSection(ProjectConfigurationPlatforms) = postSolution
		{DA65075F-8D9F-4F64-BBCD-82CFB9DE5336}.Debug|Any CPU.ActiveCfg = Debug|Any CPU
		{DA65075F-8D9F-4F64-BBCD-82CFB9DE5336}.Debug|Any CPU.Build.0 = Debug|Any CPU
		{DA65075F-8D9F-4F64-BBCD-82CFB9DE5336}.Release|Any CPU.ActiveCfg = Release|Any CPU
		{DA65075F-8D9F-4F64-BBCD-82CFB9DE5336}.Release|Any CPU.Build.0 = Release|Any CPU
		{CEB4844A-2920-4168-96CF-B79AAF1DC7B3}.Debug|Any CPU.ActiveCfg = Debug|Any CPU
		{CEB4844A-2920-4168-96CF-B79AAF1DC7B3}.Debug|Any CPU.Build.0 = Debug|Any CPU
		{CEB4844A-2920-4168-96CF-B79AAF1DC7B3}.Release|Any CPU.ActiveCfg = Release|Any CPU
		{CEB4844A-2920-4168-96CF-B79AAF1DC7B3}.Release|Any CPU.Build.0 = Release|Any CPU
	EndGlobalSection
	GlobalSection(SolutionProperties) = preSolution
		HideSolutionNode = FALSE
	EndGlobalSection
	GlobalSection(ExtensibilityGlobals) = postSolution
		SolutionGuid = {D949D61A-343E-40F7-9E07-6920497D14E4}
	EndGlobalSection
EndGlobal
